{
  "name": "metro-home-billing",
  "version": "0.0.0",
  "lockfileVersion": 3,
  "requires": true,
  "packages": {
    "": {
      "name": "metro-home-billing",
      "version": "0.0.0",
      "dependencies": {
        "autoprefixer": "^10.5.0",
        "dexie": "^4.4.3",
        "dexie-react-hooks": "^4.4.0",
        "html5-qrcode": "^2.3.8",
        "lucide-react": "^1.16.0",
        "postcss": "^8.5.15",
        "qrcode.react": "^4.2.0",
        "react": "^19.2.6",
        "react-dom": "^19.2.6",
        "tailwindcss": "^3.4.19",
        "@emnapi/core": "1.10.0",
        "@emnapi/runtime": "1.10.0"
      },
      "devDependencies": {
        "@eslint/js": "^10.0.1",
        "@types/node": "^24.12.3",
        "@types/react": "^19.2.14",
        "@types/react-dom": "^19.2.3",
        "@vitejs/plugin-react": "^6.0.1",
        "eslint": "^10.3.0",
        "eslint-plugin-react-hooks": "^7.1.1",
        "eslint-plugin-react-refresh": "^0.5.2",
        "globals": "^17.6.0",
        "typescript": "~6.0.2",
        "typescript-eslint": "^8.59.2",
        "vite": "^8.0.12"
      }
    },
    "node_modules/@emnapi/core": {
      "version": "1.10.0",
      "resolved": "https://registry.npmjs.org/@emnapi/core/-/core-1.10.0.tgz",
      "integrity": "sha512-P+g0nKTkpdB5XJqmkflSJkSrYL2eRLi1dERZrG5L3lM+Lhw1z3UXbr1WIj7uQwJAQJkx0wfGUqRKwqTJdP1KuQ==",
      "dev": true
    },
    "node_modules/@emnapi/runtime": {
      "version": "1.10.0",
      "resolved": "https://registry.npmjs.org/@emnapi/runtime/-/runtime-1.10.0.tgz",
      "integrity": "sha512-rn8/7LquCM4esFf7bVG/pRUjf0D6zYvZkV+wOkpzYDkJFJLnJmJu7M5yzElsN+W/pqNaMQKYp1PwZK5vLBSmqQ==",
      "optional": true
    }
  }
}